schema: '2.0'
stages:
  parse_corpus:
    cmd: python src/parse_corpus.py
    deps:
    - path: data/raw
      hash: md5
      md5: 7380ae95ffe7df8db69dc5b2ec6b9b4b.dir
      size: 738308974
      nfiles: 5929
    - path: data/raw/metadata.csv
      hash: md5
      md5: c1436dcbae5e46962e5db6c7b26f0043
      size: 580
      isexec: true
    - path: src/parse_corpus.py
      hash: md5
      md5: 69b2f8d4ef3256f80fd261393f10182c
      size: 4217
      isexec: true
    outs:
    - path: data/processed/phoneme_table.csv
      hash: md5
      md5: a5a307daa25e85981dffcb45e452813c
      size: 4359333
      isexec: true
  extract_acoustics:
    cmd: pixi run python src/extract_acoustics.py
    deps:
    - path: data/processed/phoneme_table.csv
      hash: md5
      md5: a5a307daa25e85981dffcb45e452813c
      size: 4359333
      isexec: true
    - path: data/raw
      hash: md5
      md5: 7380ae95ffe7df8db69dc5b2ec6b9b4b.dir
      size: 738308974
      nfiles: 5929
    - path: src/extract_acoustics.py
      hash: md5
      md5: dff03926c0a1ae7a39b5a7dc41b3b7cc
      size: 4235
      isexec: true
    outs:
    - path: data/features/features_acoustic.csv
      hash: md5
      md5: b766f8a1b7ea322cccd012294e1ed600
      size: 2741447
      isexec: true
  extract_neural_whisper:
    cmd: pixi run python src/extract_neural_whisper.py
    deps:
    - path: data/processed/phoneme_table.csv
      hash: md5
      md5: a5a307daa25e85981dffcb45e452813c
      size: 4359333
      isexec: true
    - path: src/extract_neural_whisper.py
      hash: md5
      md5: 7af2639faf75a50acc869bd6bcbb54a4
      size: 5980
      isexec: true
    params:
      params.yaml:
        whisper.layers:
        - 4
        - 20
        whisper.model_name: openai/whisper-medium
    outs:
    - path: data/features/features_whisper_layer20.npz
      hash: md5
      md5: 9e63edc67fb04dcadcb6f342dc7e43aa
      size: 93549512
      isexec: true
    - path: data/features/features_whisper_layer4.npz
      hash: md5
      md5: cd9b2e0ffecd9a71a1464bc995a370f6
      size: 93549512
      isexec: true
  extract_neural_xlsr:
    cmd: pixi run python src/extract_neural_xlsr.py
    deps:
    - path: data/processed/phoneme_table.csv
      hash: md5
      md5: a5a307daa25e85981dffcb45e452813c
      size: 4359333
      isexec: true
    - path: src/extract_neural_xlsr.py
      hash: md5
      md5: 3c225e70438d28ea831d6131b8946574
      size: 5788
      isexec: true
    params:
      params.yaml:
        xlsr.layers:
        - 4
        - 10
        - 20
        xlsr.model_name: facebook/wav2vec2-large-xlsr-53
    outs:
    - path: data/features/features_xlsr_layer10.npz
      hash: md5
      md5: 2bb6e1be895d0ce5f5fef39006ab0355
      size: 93549552
      isexec: true
    - path: data/features/features_xlsr_layer20.npz
      hash: md5
      md5: c35abb2726a87579af8950fc290d0e58
      size: 93549552
      isexec: true
    - path: data/features/features_xlsr_layer4.npz
      hash: md5
      md5: bfca46ecd4d81b6709498f2dd0805dd3
      size: 93549552
      isexec: true
  normalize_acoustics:
    cmd: pixi run python src/normalize_acoustics.py
    deps:
    - path: data/features/features_acoustic.csv
      hash: md5
      md5: b766f8a1b7ea322cccd012294e1ed600
      size: 2741447
      isexec: true
    - path: src/normalize_acoustics.py
      hash: md5
      md5: e625afeb6fd9b06e2c287901e65f5be0
      size: 1931
      isexec: true
    params:
      params.yaml:
        normalization:
          input_csv: data/features/features_acoustic.csv
          output_csv: data/features/features_acoustic_norm.csv
    outs:
    - path: data/features/features_acoustic_norm.csv
      hash: md5
      md5: 8fe068adf53721265c0e1917703a4cfe
      size: 1372452
      isexec: true
  descriptive_statistics:
    cmd: pixi run python src/descriptive_statistics.py
    deps:
    - path: data/features/features_acoustic_norm.csv
      hash: md5
      md5: 8fe068adf53721265c0e1917703a4cfe
      size: 1372452
      isexec: true
    - path: src/descriptive_statistics.py
      hash: md5
      md5: f8bcbac4f2eff421211cb607be58dfb7
      size: 2979
      isexec: true
    params:
      params.yaml:
        descriptive_stats:
          input_csv: data/features/features_acoustic_norm.csv
          output_csv: results/descriptive_statistics.csv
    outs:
    - path: results/descriptive_statistics.csv
      hash: md5
      md5: 040792f4f37d629241cae5b4afa03b3c
      size: 3921
      isexec: true
  acoustic_visualizations:
    cmd: pixi run python src/acoustic_visualizations.py
    deps:
    - path: data/features/features_acoustic_norm.csv
      hash: md5
      md5: 8fe068adf53721265c0e1917703a4cfe
      size: 1372452
      isexec: true
    - path: src/acoustic_visualizations.py
      hash: md5
      md5: 06010436ac6a5bcb90c1dae3a5b07915
      size: 3979
      isexec: true
    params:
      params.yaml:
        plots:
          input_csv: data/features/features_acoustic_norm.csv
          vowel_chart_output: results/figures/vowel_chart.png
          boxplot_output: results/figures/boxplots.png
          violin_plot_output: results/figures/violin_plots.png
    outs:
    - path: results/figures/boxplots.png
      hash: md5
      md5: 5ef3ae8b870ea1b2a648c9a7786f7c69
      size: 192538
      isexec: true
    - path: results/figures/violin_plots.png
      hash: md5
      md5: fa9714e495ce660932c3dea270d73728
      size: 624857
      isexec: true
    - path: results/figures/vowel_chart.png
      hash: md5
      md5: 640e6e2dab429b118aae79102da608d1
      size: 140981
      isexec: true
  neural_visualizations:
    cmd: pixi run python src/neural_visualizations.py
    deps:
    - path: data/features/features_whisper_layer20.npz
      hash: md5
      md5: 9e63edc67fb04dcadcb6f342dc7e43aa
      size: 93549512
      isexec: true
    - path: data/features/features_xlsr_layer20.npz
      hash: md5
      md5: c35abb2726a87579af8950fc290d0e58
      size: 93549552
      isexec: true
    - path: params.yaml
      hash: md5
      md5: 692a139c01ea0a615ba1fa4a6cee00c8
      size: 1514
      isexec: true
    - path: src/neural_visualizations.py
      hash: md5
      md5: d1674bd73c4e6844cfa499327bf6a689
      size: 5786
      isexec: true
    outs:
    - path: results/figures/whisper_pca.png
      hash: md5
      md5: f96998352bec0f2f2d4c7f875be95990
      size: 1265358
      isexec: true
    - path: results/figures/whisper_umap.png
      hash: md5
      md5: fd8668e58bb6755c6c8e33cff87c2021
      size: 857777
      isexec: true
    - path: results/figures/xls-r_pca.png
      hash: md5
      md5: a908c94902ab9d304d5785b8924de0e0
      size: 2373196
      isexec: true
    - path: results/figures/xls-r_umap.png
      hash: md5
      md5: 480e99d8c5526fba09a628167abcff3d
      size: 478836
      isexec: true
    - path: results/neural_statistics.csv
      hash: md5
      md5: 43f81e16e1deb22ccab3d45df7c77b5b
      size: 234
      isexec: true
  rsm_analysis:
    cmd: pixi run python src/rsm_analysis.py
    deps:
    - path: data/features/features_acoustic_norm.csv
      hash: md5
      md5: 8fe068adf53721265c0e1917703a4cfe
      size: 1372452
      isexec: true
    - path: data/features/features_whisper_layer20.npz
      hash: md5
      md5: 9e63edc67fb04dcadcb6f342dc7e43aa
      size: 93549512
      isexec: true
    - path: data/features/features_xlsr_layer20.npz
      hash: md5
      md5: c35abb2726a87579af8950fc290d0e58
      size: 93549552
      isexec: true
    - path: params.yaml
      hash: md5
      md5: 692a139c01ea0a615ba1fa4a6cee00c8
      size: 1514
      isexec: true
    - path: src/rsm_analysis.py
      hash: md5
      md5: e4cb4d752e04c5bd9a5bb8aee2751e4c
      size: 3536
      isexec: true
    outs:
    - path: results/rsm_statistics.csv
      hash: md5
      md5: e4d8d77a1c3e3a081b55e808c38c44cc
      size: 128
      isexec: true
  group_comparisons:
    cmd: pixi run python src/group_comparisons.py
    deps:
    - path: data/features/features_acoustic_norm.csv
      hash: md5
      md5: 8fe068adf53721265c0e1917703a4cfe
      size: 1372452
      isexec: true
    - path: data/features/features_whisper_layer20.npz
      hash: md5
      md5: 9e63edc67fb04dcadcb6f342dc7e43aa
      size: 93549512
      isexec: true
    - path: data/features/features_xlsr_layer20.npz
      hash: md5
      md5: c35abb2726a87579af8950fc290d0e58
      size: 93549552
      isexec: true
    - path: params.yaml
      hash: md5
      md5: 68886b88d52a8108c620e4a9bf0def21
      size: 1192
      isexec: true
    - path: src/group_comparisons.py
      hash: md5
      md5: f19c9a8080c478aae5287a96a35b01b4
      size: 6984
      isexec: true
    outs:
    - path: results/acoustic_tests.csv
      hash: md5
      md5: d0788324ff0aec13ecb9fd94d1755b04
      size: 2638
      isexec: true
    - path: results/neural_tests.csv
      hash: md5
      md5: cef0d966f04c2d6fcd7f757722fc5d18
      size: 983
      isexec: true
  section6_analysis:
    cmd: pixi run python src/section6_analysis.py
    deps:
    - path: data/features/features_acoustic_norm.csv
      hash: md5
      md5: 8fe068adf53721265c0e1917703a4cfe
      size: 1372452
      isexec: true
    - path: data/features/features_whisper_layer20.npz
      hash: md5
      md5: 9e63edc67fb04dcadcb6f342dc7e43aa
      size: 93549512
      isexec: true
    - path: data/features/features_xlsr_layer20.npz
      hash: md5
      md5: c35abb2726a87579af8950fc290d0e58
      size: 93549552
      isexec: true
    - path: src/section6_analysis.py
      hash: md5
      md5: 28e8a888c81b3d14b9b6aa0388b10a41
      size: 17993
      isexec: true
    outs:
    - path: results/acoustic_tests.csv
      hash: md5
      md5: d0788324ff0aec13ecb9fd94d1755b04
      size: 2638
      isexec: true
    - path: results/classification_results.csv
      hash: md5
      md5: 3f8835c3224189fc917bcff3aa3f25a5
      size: 103
      isexec: true
    - path: results/distances
      hash: md5
      md5: ffb2f7fa9e139ddd68892a4391ae7d6a.dir
      size: 90504
      nfiles: 10
    - path: results/neural_tests.csv
      hash: md5
      md5: 684e5b6e2bd87ec095d5f48110961b19
      size: 983
      isexec: true
  mixed_models:
    cmd: pixi run python src/section7_mixed_models.py
    deps:
    - path: data/features/features_acoustic_norm.csv
      hash: md5
      md5: 8fe068adf53721265c0e1917703a4cfe
      size: 1372452
      isexec: true
    - path: data/features/features_whisper_layer20.npz
      hash: md5
      md5: 9e63edc67fb04dcadcb6f342dc7e43aa
      size: 93549512
      isexec: true
    - path: data/features/features_xlsr_layer20.npz
      hash: md5
      md5: c35abb2726a87579af8950fc290d0e58
      size: 93549552
      isexec: true
    - path: src/section7_mixed_models.py
      hash: md5
      md5: 206502332269be32eea359078dcc7f81
      size: 5718
      isexec: true
    params:
      params.yaml:
        neural_analysis.whisper_file: data/features/features_whisper_layer20.npz
        neural_analysis.xlsr_file: data/features/features_xlsr_layer20.npz
        normalization.output_csv: data/features/features_acoustic_norm.csv
    outs:
    - path: results/mixed_models
      hash: md5
      md5: 1978a20ed580eb62a70576a0ba15d9aa.dir
      size: 322
      nfiles: 3
  section8_analysis:
    cmd: pixi run python src/section8_analysis.py
    deps:
    - path: data/features/features_acoustic_norm.csv
      hash: md5
      md5: 8fe068adf53721265c0e1917703a4cfe
      size: 1372452
      isexec: true
    - path: data/features/features_whisper_layer20.npz
      hash: md5
      md5: 9e63edc67fb04dcadcb6f342dc7e43aa
      size: 93549512
      isexec: true
    - path: data/features/features_xlsr_layer20.npz
      hash: md5
      md5: c35abb2726a87579af8950fc290d0e58
      size: 93549552
      isexec: true
    - path: src/section8_analysis.py
      hash: md5
      md5: e80afc9ff2a3751de8ddd2c911528b9b
      size: 13451
      isexec: true
    params:
      params.yaml:
        section8:
          bootstrap_iterations: 2000
          random_seed: 42
          acoustic_rope:
            low: -0.2
            high: 0.2
    outs:
    - path: results/acoustic_ci_results.csv
      hash: md5
      md5: 8acf99d9cb9fb390b4f914dea7d5b41d
      size: 4711
      isexec: true
    - path: results/figures/forest_F1_norm_L1_binary.png
      hash: md5
      md5: 1f7d939c1b2209ca57b8e3c4aed97e95
      size: 52436
      isexec: true
    - path: results/figures/forest_F1_norm_L1_binary_gender_binary.png
      hash: md5
      md5: aed5a609c95f93a86cc45b0b2c2f9324
      size: 56813
      isexec: true
    - path: results/figures/forest_F2_norm_L1_binary.png
      hash: md5
      md5: e3cce0eaa93acfc2cf58dfe5852722f1
      size: 53951
      isexec: true
    - path: results/figures/forest_F2_norm_L1_binary_gender_binary.png
      hash: md5
      md5: 34204f700f104f5e10a3eeaaa09bce51
      size: 62326
      isexec: true
    - path: results/figures/forest_neural_whisper.png
      hash: md5
      md5: 1804966eb90ab0e4021c0f77c1c6057d
      size: 62886
      isexec: true
    - path: results/figures/forest_neural_xlsr.png
      hash: md5
      md5: 8f39dd9dc3ebc8d67046c598ccdadc42
      size: 64250
      isexec: true
    - path: results/neural_ci_results.csv
      hash: md5
      md5: e4aa06e097bb4b33332095514c43e3fc
      size: 2232
      isexec: true
    - path: results/section8_rope_summary.csv
      hash: md5
      md5: 085fa3a50c96d49d32a3e97f174dbabf
      size: 7436
      isexec: true
  section9_clustering:
    cmd: pixi run python src/section9_clustering.py
    deps:
    - path: data/features/features_acoustic_norm.csv
      hash: md5
      md5: 8fe068adf53721265c0e1917703a4cfe
      size: 1372452
      isexec: true
    - path: data/features/features_whisper_layer20.npz
      hash: md5
      md5: 9e63edc67fb04dcadcb6f342dc7e43aa
      size: 93549512
      isexec: true
    - path: data/features/features_xlsr_layer20.npz
      hash: md5
      md5: c35abb2726a87579af8950fc290d0e58
      size: 93549552
      isexec: true
    - path: src/section9_clustering.py
      hash: md5
      md5: bc38ad6b93e61696fd1d70b33336e590
      size: 13599
      isexec: true
    outs:
    - path: results/figures/dendrogram_acoustic.png
      hash: md5
      md5: 0d4ae4780f5c40a6a906acd07e84b961
      size: 52671
      isexec: true
    - path: results/figures/dendrogram_whisper.png
      hash: md5
      md5: 23d16eb4b0fcda27a02274ffd251c1eb
      size: 54665
      isexec: true
    - path: results/figures/dendrogram_xlsr.png
      hash: md5
      md5: 20321b73833acf7cdc7900a32b5de9e6
      size: 53463
      isexec: true
    - path: results/figures/speaker_dendrogram_acoustic.png
      hash: md5
      md5: ed623d4456e09c8a0ae2009acb61a5c6
      size: 70850
      isexec: true
    - path: results/figures/speaker_dendrogram_whisper.png
      hash: md5
      md5: 2229361c968dedbba6284905fa9c4579
      size: 71415
      isexec: true
    - path: results/figures/speaker_dendrogram_xlsr.png
      hash: md5
      md5: fdae0df6d7f09aca141b0b30da88d59a
      size: 68801
      isexec: true
    - path: results/section9_phoneme_clusters.csv
      hash: md5
      md5: 5c9e5a578d2520dca77469e6869d1c76
      size: 724
      isexec: true
    - path: results/section9_speaker_clustering.csv
      hash: md5
      md5: 4b0ddabed31404cd55dbf6394eda4a40
      size: 160
      isexec: true
    - path: results/section9_systematic_phoneme_patterns.csv
      hash: md5
      md5: 1ce4b77ed2cd3b2da13872ef65408e98
      size: 158
      isexec: true
    - path: results/section9_vowel_clustering.csv
      hash: md5
      md5: 4943e92f4073e933547be6540aef25fe
      size: 149
      isexec: true
  section9_extensions:
    cmd: pixi run python src/section9_extensions.py
    deps:
    - path: data/features/features_acoustic_norm.csv
      hash: md5
      md5: 8fe068adf53721265c0e1917703a4cfe
      size: 1372452
      isexec: true
    - path: data/features/features_whisper_layer20.npz
      hash: md5
      md5: 9e63edc67fb04dcadcb6f342dc7e43aa
      size: 93549512
      isexec: true
    - path: data/features/features_xlsr_layer20.npz
      hash: md5
      md5: c35abb2726a87579af8950fc290d0e58
      size: 93549552
      isexec: true
    - path: src/section9_extensions.py
      hash: md5
      md5: 9d989c83b015c87c76c269409ba67e75
      size: 5721
      isexec: true
    outs:
    - path: results/section9_consonant_vowel_clustering.csv
      hash: md5
      md5: ab5b75edc48ee3b3f97f563822c37041
      size: 88
      isexec: true
    - path: results/section9_silhouette_scores.csv
      hash: md5
      md5: 3165328be64ca66d2df6a5d20022c1b4
      size: 374
      isexec: true
  section7_mixed_models:
    cmd: pixi run python src/section7_mixed_models.py
    deps:
    - path: data/features/features_acoustic_norm.csv
      hash: md5
      md5: 8fe068adf53721265c0e1917703a4cfe
      size: 1372452
      isexec: true
    - path: data/features/features_whisper_layer20.npz
      hash: md5
      md5: 9e63edc67fb04dcadcb6f342dc7e43aa
      size: 93549512
      isexec: true
    - path: data/features/features_xlsr_layer20.npz
      hash: md5
      md5: c35abb2726a87579af8950fc290d0e58
      size: 93549552
      isexec: true
    - path: src/section7_mixed_models.py
      hash: md5
      md5: 206502332269be32eea359078dcc7f81
      size: 5718
      isexec: true
    params:
      params.yaml:
        neural_analysis.whisper_file: data/features/features_whisper_layer20.npz
        neural_analysis.xlsr_file: data/features/features_xlsr_layer20.npz
        normalization.output_csv: data/features/features_acoustic_norm.csv
    outs:
    - path: results/mixed_models
      hash: md5
      md5: 1978a20ed580eb62a70576a0ba15d9aa.dir
      size: 322
      nfiles: 3
